
Microsoft Visual Studio Solution File, Format Version 12.00
# Visual Studio Version 17
VisualStudioVersion = 17.12.35514.174 d17.12
MinimumVisualStudioVersion = 10.0.40219.1
Project("{FAE04EC0-301F-11D3-BF4B-00C04F79EFBC}") = "Puffix.ImageTools", "Puffix.ImageTools\Puffix.ImageTools.csproj", "{6C91E235-8109-4A9A-9FCB-287D53C0FAA0}"
EndProject
Project("{2150E333-8FDC-42A3-9474-1A3956D46DE8}") = "Solution Items", "Solution Items", "{9A7A7384-6931-4595-8B82-482FB0A39B74}"
	ProjectSection(SolutionItems) = preProject
		README.md = README.md
	EndProjectSection
EndProject
Project("{2150E333-8FDC-42A3-9474-1A3956D46DE8}") = "GithubActions", "GithubActions", "{6C1DCCF7-A92A-4AC2-8D1C-D6ED4FFE2D6B}"
	ProjectSection(SolutionItems) = preProject
		.github\workflows\build-and-package.yml = .github\workflows\build-and-package.yml
	EndProjectSection
EndProject
Global
	GlobalSection(SolutionConfigurationPlatforms) = preSolution
		Debug|Any CPU = Debug|Any CPU
		Release|Any CPU = Release|Any CPU
	EndGlobalSection
	GlobalSection(ProjectConfigurationPlatforms) = postSolution
		{6C91E235-8109-4A9A-9FCB-287D53C0FAA0}.Debug|Any CPU.ActiveCfg = Debug|Any CPU
		{6C91E235-8109-4A9A-9FCB-287D53C0FAA0}.Debug|Any CPU.Build.0 = Debug|Any CPU
		{6C91E235-8109-4A9A-9FCB-287D53C0FAA0}.Release|Any CPU.ActiveCfg = Release|Any CPU
		{6C91E235-8109-4A9A-9FCB-287D53C0FAA0}.Release|Any CPU.Build.0 = Release|Any CPU
	EndGlobalSection
	GlobalSection(SolutionProperties) = preSolution
		HideSolutionNode = FALSE
	EndGlobalSection
	GlobalSection(ExtensibilityGlobals) = postSolution
		SolutionGuid = {07D16642-990D-4311-A2A6-8EB0CA096B5F}
	EndGlobalSection
EndGlobal
